Microsoft Visual Studio Solution File, Format Version 12.00
# Visual Studio Version 17
VisualStudioVersion = 17.5.2.0
MinimumVisualStudioVersion = 10.0.40219.1
Project("{FAE04EC0-301F-11D3-BF4B-00C04F79EFBC}") = "TFGCalculator", "TFGCalculator.csproj", "{8ADFAD34-B06C-7F32-E38F-80256FBE2F69}"
EndProject
Global
	GlobalSection(SolutionConfigurationPlatforms) = preSolution
		Debug|Any CPU = Debug|Any CPU
		Release|Any CPU = Release|Any CPU
	EndGlobalSection
	GlobalSection(ProjectConfigurationPlatforms) = postSolution
		{8ADFAD34-B06C-7F32-E38F-80256FBE2F69}.Debug|Any CPU.ActiveCfg = Debug|Any CPU
		{8ADFAD34-B06C-7F32-E38F-80256FBE2F69}.Debug|Any CPU.Build.0 = Debug|Any CPU
		{8ADFAD34-B06C-7F32-E38F-80256FBE2F69}.Release|Any CPU.ActiveCfg = Release|Any CPU
		{8ADFAD34-B06C-7F32-E38F-80256FBE2F69}.Release|Any CPU.Build.0 = Release|Any CPU
	EndGlobalSection
	GlobalSection(SolutionProperties) = preSolution
		HideSolutionNode = FALSE
	EndGlobalSection
	GlobalSection(ExtensibilityGlobals) = postSolution
		SolutionGuid = {B7539B54-6FF4-441F-9999-1238DBB88ADE}
	EndGlobalSection
EndGlobal
